github.com/BurntSushi/toml v0.4.1 h1:GaI7EiDXDRfa8VshkTj7Fym7ha+y8/XxIgD2okUIjLw=
github.com/BurntSushi/toml v0.4.1/go.mod h1:CxXYINrC8qIiEnFrOxCa7Jy5BFHlXnUU2pbicEuybxQ=
github.com/UniversityRadioYork/myradio-go v0.0.0-20210821190257-67bde48f2e7e h1:4tEgYVcZraVZAVMaV/lTCPNiW4ZE3OASjV4JKw3KkXc=
github.com/UniversityRadioYork/myradio-go v0.0.0-20210821190257-67bde48f2e7e/go.mod h1:iFH6u3KFaQ73MR9bfqTThGd7TFUYUe9cAajxxh9E0Z8=
github.com/aymerick/douceur v0.2.0 h1:Mv+mAeH1Q+n9Fr+oyamOlAkUNPWPlA8PPGR0QAaYuPk=
github.com/aymerick/douceur v0.2.0/go.mod h1:wlT5vV2O3h55X9m7iVYN0TBM0NH/MmbLnd30/FjWUq4=
github.com/codegangsta/negroni v1.0.0 h1:+aYywywx4bnKXWvoWtRfJ91vC59NbEhEY03sZjQhbVY=
github.com/codegangsta/negroni v1.0.0/go.mod h1:v0y3T5G7Y1UlFfyxFn/QLRU4a2EuNau2iZY63YTKWo0=
github.com/gedex/inflector v0.0.0-20170307190818-16278e9db813 h1:Uc+IZ7gYqAf/rSGFplbWBSHaGolEQlNLgMgSE3ccnIQ=
github.com/gedex/inflector v0.0.0-20170307190818-16278e9db813/go.mod h1:P+oSoE9yhSRvsmYyZsshflcR6ePWYLql6UU1amW13IM=
github.com/gorilla/css v1.0.0 h1:BQqNyPTi50JCFMTw/b67hByjMVXZRwGha6wxVGkeihY=
github.com/gorilla/css v1.0.0/go.mod h1:Dn721qIggHpt4+EFCcTLTU/vk5ySda2ReITrtgBl60c=
github.com/gorilla/mux v1.8.0 h1:i40aqfkR1h2SlN9hojwV5ZA91wcXFOvkdNIeFDP5koI=
github.com/gorilla/mux v1.8.0/go.mod h1:DVbg23sWSpFRCP0SfiEN6jmj59UnW/n46BH5rLB71So=
github.com/microcosm-cc/bluemonday v1.0.26 h1:xbqSvqzQMeEHCqMi64VAs4d8uy6Mequs3rQ0k/Khz58=
github.com/microcosm-cc/bluemonday v1.0.26/go.mod h1:JyzOCs9gkyQyjs+6h10UEVSe02CGwkhd72Xdqh78TWs=
github.com/stretchr/graceful v1.2.15 h1:vmXbwPGfe8bI6KkgmHry/P1Pk63bM3TDcfi+5mh+VHg=
github.com/stretchr/graceful v1.2.15/go.mod h1:IxdGAOTZueMKoBr3oJIzdeg5CCCXbHXfV44sLhfAXXI=
golang.org/x/net v0.17.0 h1:pVaXccu2ozPjCXewfr1S7xza/zcXTity9cCdXQYSjIM=
golang.org/x/net v0.17.0/go.mod h1:NxSsAGuq816PNPmqtQdLE42eU2Fs7NoRIZrHJAlaCOE=
golang.org/x/text v0.13.0 h1:ablQoSUd0tRdKxZewP80B+BaqeKJuVhuRxj/dkrun3k=
golang.org/x/text v0.13.0/go.mod h1:TvPlkZtksWOMsz7fbANvkp4WM8x/WCo/om8BMLbz+aE=
